
Microsoft Visual Studio Solution File, Format Version 11.00
# Visual Studio 2010
Project("{FAE04EC0-301F-11D3-BF4B-00C04F79EFBC}") = "YWT", "YWT_Web\YWT.csproj", "{B86AF8AD-7255-4825-8B75-C5254A562D13}"
EndProject
Project("{FAE04EC0-301F-11D3-BF4B-00C04F79EFBC}") = "Common", "Common\Common.csproj", "{175FA04E-86C8-43A0-B0F3-903589BBC541}"
EndProject
Project("{FAE04EC0-301F-11D3-BF4B-00C04F79EFBC}") = "Model", "Model\Model.csproj", "{CD8311E1-F525-4210-91D5-BC3C9740EEFF}"
EndProject
Project("{FAE04EC0-301F-11D3-BF4B-00C04F79EFBC}") = "DAL", "DAL\DAL.csproj", "{451C093B-E1FC-46AA-A8A4-B9EFF6EAADEA}"
EndProject
Project("{FAE04EC0-301F-11D3-BF4B-00C04F79EFBC}") = "BLL", "BLL\BLL.csproj", "{4507EF3B-A45E-4054-A146-85EB6CDDA594}"
EndProject
Global
	GlobalSection(SolutionConfigurationPlatforms) = preSolution
		Debug|Any CPU = Debug|Any CPU
		Release|Any CPU = Release|Any CPU
	EndGlobalSection
	GlobalSection(ProjectConfigurationPlatforms) = postSolution
		{B86AF8AD-7255-4825-8B75-C5254A562D13}.Debug|Any CPU.ActiveCfg = Debug|Any CPU
		{B86AF8AD-7255-4825-8B75-C5254A562D13}.Debug|Any CPU.Build.0 = Debug|Any CPU
		{B86AF8AD-7255-4825-8B75-C5254A562D13}.Release|Any CPU.ActiveCfg = Release|Any CPU
		{B86AF8AD-7255-4825-8B75-C5254A562D13}.Release|Any CPU.Build.0 = Release|Any CPU
		{175FA04E-86C8-43A0-B0F3-903589BBC541}.Debug|Any CPU.ActiveCfg = Debug|Any CPU
		{175FA04E-86C8-43A0-B0F3-903589BBC541}.Debug|Any CPU.Build.0 = Debug|Any CPU
		{175FA04E-86C8-43A0-B0F3-903589BBC541}.Release|Any CPU.ActiveCfg = Release|Any CPU
		{175FA04E-86C8-43A0-B0F3-903589BBC541}.Release|Any CPU.Build.0 = Release|Any CPU
		{CD8311E1-F525-4210-91D5-BC3C9740EEFF}.Debug|Any CPU.ActiveCfg = Debug|Any CPU
		{CD8311E1-F525-4210-91D5-BC3C9740EEFF}.Debug|Any CPU.Build.0 = Debug|Any CPU
		{CD8311E1-F525-4210-91D5-BC3C9740EEFF}.Release|Any CPU.ActiveCfg = Release|Any CPU
		{CD8311E1-F525-4210-91D5-BC3C9740EEFF}.Release|Any CPU.Build.0 = Release|Any CPU
		{451C093B-E1FC-46AA-A8A4-B9EFF6EAADEA}.Debug|Any CPU.ActiveCfg = Debug|Any CPU
		{451C093B-E1FC-46AA-A8A4-B9EFF6EAADEA}.Debug|Any CPU.Build.0 = Debug|Any CPU
		{451C093B-E1FC-46AA-A8A4-B9EFF6EAADEA}.Release|Any CPU.ActiveCfg = Release|Any CPU
		{451C093B-E1FC-46AA-A8A4-B9EFF6EAADEA}.Release|Any CPU.Build.0 = Release|Any CPU
		{4507EF3B-A45E-4054-A146-85EB6CDDA594}.Debug|Any CPU.ActiveCfg = Debug|Any CPU
		{4507EF3B-A45E-4054-A146-85EB6CDDA594}.Debug|Any CPU.Build.0 = Debug|Any CPU
		{4507EF3B-A45E-4054-A146-85EB6CDDA594}.Release|Any CPU.ActiveCfg = Release|Any CPU
		{4507EF3B-A45E-4054-A146-85EB6CDDA594}.Release|Any CPU.Build.0 = Release|Any CPU
	EndGlobalSection
	GlobalSection(SolutionProperties) = preSolution
		HideSolutionNode = FALSE
	EndGlobalSection
EndGlobal
